PODS:
  - LoopBack (1.3.0)

DEPENDENCIES:
  - LoopBack (from `https://github.com/strongloop/loopback-sdk-ios.git`)

EXTERNAL SOURCES:
  LoopBack:
    :git: https://github.com/strongloop/loopback-sdk-ios.git

CHECKOUT OPTIONS:
  LoopBack:
    :commit: 3608fc9946c4b16d850dfe269700db28bff32087
    :git: https://github.com/strongloop/loopback-sdk-ios.git

SPEC CHECKSUMS:
  LoopBack: 0ae752b0c1d3f572e1d949945a7651f61c433f9e

PODFILE CHECKSUM: 3046d5a5f32580c2ea5387654873a90e73747fe0

COCOAPODS: 1.1.1
